{
  "requires": true,
  "lockfileVersion": 1,
  "dependencies": {
    "ngx-mat-file-input": {
      "version": "3.0.0-beta.0",
      "resolved": "https://registry.npmjs.org/ngx-mat-file-input/-/ngx-mat-file-input-3.0.0-beta.0.tgz",
      "integrity": "sha512-bJfWudynNWmH2tt09mzEl6tNUZuNsLqS/3XZw+v3bGUQPjtGbvDE4uVQo/EZVYwU8H50nYgg14YhM4CGrFpaag=="
    }
  }
}
